{
  "name": "seq-crud-exam",
  "version": "0.0.0",
  "lockfileVersion": 1,
  "requires": true,
  "dependencies": {
    "cookie-parser": {
      "version": "1.4.4",
      "resolved": "https://registry.npmjs.org/cookie-parser/-/cookie-parser-1.4.4.tgz",
      "integrity": "sha512-lo13tqF3JEtFO7FyA49CqbhaFkskRJ0u/UAiINgrIXeRCY41c88/zxtrECl8AKH3B0hj9q10+h3Kt8I7KlW4tw=="
    },
    "debug": {
      "version": "2.6.9",
      "resolved": "https://registry.npmjs.org/debug/-/debug-2.6.9.tgz",
      "integrity": "sha512-bC7ElrdJaJnPbAP+1EotYvqZsb3ecl5wi6Bfi6BJTUcNowp6cvspg0jXznRTKDjm/E7AdgFBVeAPVMNcKGsHMA=="
    },
    "ejs": {
      "version": "2.6.2",
      "resolved": "https://registry.npmjs.org/ejs/-/ejs-2.6.2.tgz",
      "integrity": "sha512-PcW2a0tyTuPHz3tWyYqtK6r1fZ3gp+3Sop8Ph+ZYN81Ob5rwmbHEzaqs10N3BEsaGTkh/ooniXK+WwszGlc2+Q=="
    },
    "express": {
      "version": "4.16.4",
      "resolved": "https://registry.npmjs.org/express/-/express-4.16.4.tgz",
      "integrity": "sha512-j12Uuyb4FMrd/qQAm6uCHAkPtO8FDTRJZBDd5D2KOL2eLaz1yUNdUB/NOIyq0iU4q4cFarsUCrnFDPBcnksuOg=="
    },
    "express-session": {
      "version": "1.17.0",
      "resolved": "https://registry.npmjs.org/express-session/-/express-session-1.17.0.tgz",
      "integrity": "sha512-t4oX2z7uoSqATbMfsxWMbNjAL0T5zpvcJCk3Z9wnPPN7ibddhnmDZXHfEcoBMG2ojKXZoCyPMc5FbtK+G7SoDg==",
      "dependencies": {
        "cookie": {
          "version": "0.4.0",
          "resolved": "https://registry.npmjs.org/cookie/-/cookie-0.4.0.tgz",
          "integrity": "sha512-+Hp8fLp57wnUSt0tY0tHEXh4voZRDnoIrZPqlo3DPiI4y9lwg/jqx+1Om94/W6ZaPDOUbnjOt/99w66zk+l1Xg=="
        },
        "depd": {
          "version": "2.0.0",
          "resolved": "https://registry.npmjs.org/depd/-/depd-2.0.0.tgz",
          "integrity": "sha512-g7nH6P6dyDioJogAAGprGpCtVImJhpPk/roCzdb3fIh61/s/nPsfR6onyMwkCAR/OlC3yBC0lESvUoQEAssIrw=="
        },
        "safe-buffer": {
          "version": "5.2.0",
          "resolved": "https://registry.npmjs.org/safe-buffer/-/safe-buffer-5.2.0.tgz",
          "integrity": "sha512-fZEwUGbVl7kouZs1jCdMLdt95hdIv0ZeHg6L7qPeciMZhZ+/gdesW4wgTARkrFWEpspjEATAzUGPG8N2jJiwbg=="
        }
      }
    },
    "http-errors": {
      "version": "1.6.3",
      "resolved": "https://registry.npmjs.org/http-errors/-/http-errors-1.6.3.tgz",
      "integrity": "sha1-i1VoC7S+KDoLW/TqLjhYC+HZMg0="
    },
    "morgan": {
      "version": "1.9.1",
      "resolved": "https://registry.npmjs.org/morgan/-/morgan-1.9.1.tgz",
      "integrity": "sha512-HQStPIV4y3afTiCYVxirakhlCfGkI161c76kKFca7Fk1JusM//Qeo1ej2XaMniiNeaZklMVrh3vTtIzpzwbpmA=="
    },
    "multer": {
      "version": "1.4.2",
      "resolved": "https://registry.npmjs.org/multer/-/multer-1.4.2.tgz",
      "integrity": "sha512-xY8pX7V+ybyUpbYMxtjM9KAiD9ixtg5/JkeKUTD6xilfDv0vzzOFcCp4Ljb1UU3tSOM3VTZtKo63OmzOrGi3Cg=="
    },
    "mysql2": {
      "version": "2.1.0",
      "resolved": "https://registry.npmjs.org/mysql2/-/mysql2-2.1.0.tgz",
      "integrity": "sha512-9kGVyi930rG2KaHrz3sHwtc6K+GY9d8wWk1XRSYxQiunvGcn4DwuZxOwmK11ftuhhwrYDwGx9Ta4VBwznJn36A==",
      "dependencies": {
        "iconv-lite": {
          "version": "0.5.1",
          "resolved": "https://registry.npmjs.org/iconv-lite/-/iconv-lite-0.5.1.tgz",
          "integrity": "sha512-ONHr16SQvKZNSqjQT9gy5z24Jw+uqfO02/ngBSBoqChZ+W8qXX7GPRa1RoUnzGADw8K63R1BXUMzarCVQBpY8Q=="
        }
      }
    },
    "nodemailer": {
      "version": "6.4.16",
      "resolved": "https://registry.npmjs.org/nodemailer/-/nodemailer-6.4.16.tgz",
      "integrity": "sha512-68K0LgZ6hmZ7PVmwL78gzNdjpj5viqBdFqKrTtr9bZbJYj6BRj5W6WGkxXrEnUl3Co3CBXi3CZBUlpV/foGnOQ=="
    },
    "nodemailer-smtp-transport": {
      "version": "2.7.4",
      "resolved": "https://registry.npmjs.org/nodemailer-smtp-transport/-/nodemailer-smtp-transport-2.7.4.tgz",
      "integrity": "sha1-DYmvAZoUSkgP2OzJmZfZ+DjxNoU="
    },
    "sequelize": {
      "version": "5.21.3",
      "resolved": "https://registry.npmjs.org/sequelize/-/sequelize-5.21.3.tgz",
      "integrity": "sha512-ptdeAxwTY0zbj7AK8m+SH3z52uHVrt/qmOTSIGo/kyfnSp3h5HeKlywkJf5GEk09kuRrPHfWARVSXH1W3IGU7g==",
      "dependencies": {
        "debug": {
          "version": "4.1.1",
          "resolved": "https://registry.npmjs.org/debug/-/debug-4.1.1.tgz",
          "integrity": "sha512-pYAIzeRo8J6KPEaJ0VWOh5Pzkbw/RetuzehGM7QRRX5he4fPHx2rdKMB256ehJCkX+XRQm16eZLqLNS8RSZXZw=="
        },
        "ms": {
          "version": "2.1.2",
          "resolved": "https://registry.npmjs.org/ms/-/ms-2.1.2.tgz",
          "integrity": "sha512-sGkPx+VjMtmA6MX27oA4FBFELFCZZ4S4XqeGOXCv68tT+jb3vk/RyaKWP0PTKyWtmLSM0b+adUTEvbs1PEaH2w=="
        }
      }
    }
  }
}
